
Microsoft Visual Studio Solution File, Format Version 12.00
# Visual Studio Version 17
VisualStudioVersion = 17.4.33213.308
MinimumVisualStudioVersion = 10.0.40219.1
Project("{8BC9CEB8-8B4A-11D0-8D11-00A0C91BC942}") = "Practice", "Practice.vcxproj", "{373DCBCB-3180-4853-85C7-CF2E7C2EA846}"
EndProject
Global
	GlobalSection(SolutionConfigurationPlatforms) = preSolution
		Debug|x64 = Debug|x64
		Debug|x86 = Debug|x86
		Release|x64 = Release|x64
		Release|x86 = Release|x86
	EndGlobalSection
	GlobalSection(ProjectConfigurationPlatforms) = postSolution
		{373DCBCB-3180-4853-85C7-CF2E7C2EA846}.Debug|x64.ActiveCfg = Debug|x64
		{373DCBCB-3180-4853-85C7-CF2E7C2EA846}.Debug|x64.Build.0 = Debug|x64
		{373DCBCB-3180-4853-85C7-CF2E7C2EA846}.Debug|x86.ActiveCfg = Debug|Win32
		{373DCBCB-3180-4853-85C7-CF2E7C2EA846}.Debug|x86.Build.0 = Debug|Win32
		{373DCBCB-3180-4853-85C7-CF2E7C2EA846}.Release|x64.ActiveCfg = Release|x64
		{373DCBCB-3180-4853-85C7-CF2E7C2EA846}.Release|x64.Build.0 = Release|x64
		{373DCBCB-3180-4853-85C7-CF2E7C2EA846}.Release|x86.ActiveCfg = Release|Win32
		{373DCBCB-3180-4853-85C7-CF2E7C2EA846}.Release|x86.Build.0 = Release|Win32
	EndGlobalSection
	GlobalSection(SolutionProperties) = preSolution
		HideSolutionNode = FALSE
	EndGlobalSection
	GlobalSection(ExtensibilityGlobals) = postSolution
		SolutionGuid = {88DCE144-FDFD-4BCA-BAE6-ACDA5FE1F3EC}
	EndGlobalSection
EndGlobal
